
Microsoft Visual Studio Solution File, Format Version 12.00
# Visual Studio Version 17
VisualStudioVersion = 17.6.33815.320
MinimumVisualStudioVersion = 10.0.40219.1
Project("{FAE04EC0-301F-11D3-BF4B-00C04F79EFBC}") = "Assesment_15", "Assesment_15\Assesment_15.csproj", "{FAE36E7B-5E5D-4B76-90CC-433CE8279D85}"
EndProject
Global
	GlobalSection(SolutionConfigurationPlatforms) = preSolution
		Debug|Any CPU = Debug|Any CPU
		Release|Any CPU = Release|Any CPU
	EndGlobalSection
	GlobalSection(ProjectConfigurationPlatforms) = postSolution
		{FAE36E7B-5E5D-4B76-90CC-433CE8279D85}.Debug|Any CPU.ActiveCfg = Debug|Any CPU
		{FAE36E7B-5E5D-4B76-90CC-433CE8279D85}.Debug|Any CPU.Build.0 = Debug|Any CPU
		{FAE36E7B-5E5D-4B76-90CC-433CE8279D85}.Release|Any CPU.ActiveCfg = Release|Any CPU
		{FAE36E7B-5E5D-4B76-90CC-433CE8279D85}.Release|Any CPU.Build.0 = Release|Any CPU
	EndGlobalSection
	GlobalSection(SolutionProperties) = preSolution
		HideSolutionNode = FALSE
	EndGlobalSection
	GlobalSection(ExtensibilityGlobals) = postSolution
		SolutionGuid = {E2D2B861-FD45-4E53-B87E-DDAD0F46CDCB}
	EndGlobalSection
EndGlobal
